
Microsoft Visual Studio Solution File, Format Version 12.00
# Visual Studio Version 16
VisualStudioVersion = 16.0.30517.126
MinimumVisualStudioVersion = 10.0.40219.1
Project("{FAE04EC0-301F-11D3-BF4B-00C04F79EFBC}") = "MvcStok", "MvcStok\MvcStok.csproj", "{6AF06F95-DD2D-437D-A187-BE5374A313D7}"
EndProject
Global
	GlobalSection(SolutionConfigurationPlatforms) = preSolution
		Debug|Any CPU = Debug|Any CPU
		Release|Any CPU = Release|Any CPU
	EndGlobalSection
	GlobalSection(ProjectConfigurationPlatforms) = postSolution
		{6AF06F95-DD2D-437D-A187-BE5374A313D7}.Debug|Any CPU.ActiveCfg = Debug|Any CPU
		{6AF06F95-DD2D-437D-A187-BE5374A313D7}.Debug|Any CPU.Build.0 = Debug|Any CPU
		{6AF06F95-DD2D-437D-A187-BE5374A313D7}.Release|Any CPU.ActiveCfg = Release|Any CPU
		{6AF06F95-DD2D-437D-A187-BE5374A313D7}.Release|Any CPU.Build.0 = Release|Any CPU
	EndGlobalSection
	GlobalSection(SolutionProperties) = preSolution
		HideSolutionNode = FALSE
	EndGlobalSection
	GlobalSection(ExtensibilityGlobals) = postSolution
		SolutionGuid = {30AFD80F-5E09-44AD-8458-7042DA0EDB29}
	EndGlobalSection
EndGlobal
